
Microsoft Visual Studio Solution File, Format Version 12.00
# Visual Studio Version 16
VisualStudioVersion = 16.0.31605.320
MinimumVisualStudioVersion = 10.0.40219.1
Project("{FAE04EC0-301F-11D3-BF4B-00C04F79EFBC}") = "931903.gorbatyuk.anastasiya.lab7", "931903.gorbatyuk.anastasiya.lab7\931903.gorbatyuk.anastasiya.lab7.csproj", "{4D9619A7-F169-4A5C-A110-44FC6573E241}"
EndProject
Global
	GlobalSection(SolutionConfigurationPlatforms) = preSolution
		Debug|Any CPU = Debug|Any CPU
		Release|Any CPU = Release|Any CPU
	EndGlobalSection
	GlobalSection(ProjectConfigurationPlatforms) = postSolution
		{4D9619A7-F169-4A5C-A110-44FC6573E241}.Debug|Any CPU.ActiveCfg = Debug|Any CPU
		{4D9619A7-F169-4A5C-A110-44FC6573E241}.Debug|Any CPU.Build.0 = Debug|Any CPU
		{4D9619A7-F169-4A5C-A110-44FC6573E241}.Release|Any CPU.ActiveCfg = Release|Any CPU
		{4D9619A7-F169-4A5C-A110-44FC6573E241}.Release|Any CPU.Build.0 = Release|Any CPU
	EndGlobalSection
	GlobalSection(SolutionProperties) = preSolution
		HideSolutionNode = FALSE
	EndGlobalSection
	GlobalSection(ExtensibilityGlobals) = postSolution
		SolutionGuid = {BC06BF30-1009-48C5-9396-A424B7D7A58A}
	EndGlobalSection
EndGlobal
